
Microsoft Visual Studio Solution File, Format Version 12.00
# Visual Studio Version 16
VisualStudioVersion = 25.0.1705.0
MinimumVisualStudioVersion = 10.0.40219.1
Project("{FAE04EC0-301F-11D3-BF4B-00C04F79EFBC}") = "HXINTL_HFT_2022232.Client", "HXINTL_HFT_2022232.Client\HXINTL_HFT_2022232.Client.csproj", "{9A4E7DC8-0104-4DF6-8EC8-D37F6BEF9329}"
EndProject
Project("{FAE04EC0-301F-11D3-BF4B-00C04F79EFBC}") = "HXINTL_HFT_2022232.Models", "HXINTL_HFT_2022232.Models\HXINTL_HFT_2022232.Models.csproj", "{BF2CD73C-E837-4113-8FC6-EA1B4C65A172}"
EndProject
Project("{FAE04EC0-301F-11D3-BF4B-00C04F79EFBC}") = "HXINTL_HFT_2022232.Logic", "HXINTL_HFT_2022232.Logic\HXINTL_HFT_2022232.Logic.csproj", "{D1A496D9-09B8-4E3F-A7B4-21A168EFFB0F}"
EndProject
Project("{FAE04EC0-301F-11D3-BF4B-00C04F79EFBC}") = "HXINTL_HFT_2022232.Repository", "HXINTL_HFT_2022232.Repository\HXINTL_HFT_2022232.Repository.csproj", "{8E85B428-BAA2-4742-8472-EBE71E4D8137}"
EndProject
Project("{FAE04EC0-301F-11D3-BF4B-00C04F79EFBC}") = "HXINTL_HFT_2022232.Endpoint", "HXINTL_HFT_2022232.Endpoint\HXINTL_HFT_2022232.Endpoint.csproj", "{DC34B030-34DC-41E2-955D-DA46D29601CC}"
EndProject
Project("{FAE04EC0-301F-11D3-BF4B-00C04F79EFBC}") = "HXINTL_HFT_2022232.Test", "HXINTL_HFT_2022232.Test\HXINTL_HFT_2022232.Test.csproj", "{996B093F-4B8D-4637-9A7A-AE4296CFDDD6}"
EndProject
Project("{2150E333-8FDC-42A3-9474-1A3956D46DE8}") = "Backend", "Backend", "{2854A114-E9AA-431B-8C61-F93D580782BB}"
EndProject
Project("{2150E333-8FDC-42A3-9474-1A3956D46DE8}") = "Frontend", "Frontend", "{8916267B-D43C-4065-B9B8-1D72F509191E}"
EndProject
Project("{2150E333-8FDC-42A3-9474-1A3956D46DE8}") = "Shared", "Shared", "{AA57BE8C-38FE-4817-93D0-26003566FB64}"
EndProject
Global
	GlobalSection(SolutionConfigurationPlatforms) = preSolution
		Debug|Any CPU = Debug|Any CPU
		Release|Any CPU = Release|Any CPU
	EndGlobalSection
	GlobalSection(ProjectConfigurationPlatforms) = postSolution
		{9A4E7DC8-0104-4DF6-8EC8-D37F6BEF9329}.Debug|Any CPU.ActiveCfg = Debug|Any CPU
		{9A4E7DC8-0104-4DF6-8EC8-D37F6BEF9329}.Debug|Any CPU.Build.0 = Debug|Any CPU
		{9A4E7DC8-0104-4DF6-8EC8-D37F6BEF9329}.Release|Any CPU.ActiveCfg = Release|Any CPU
		{9A4E7DC8-0104-4DF6-8EC8-D37F6BEF9329}.Release|Any CPU.Build.0 = Release|Any CPU
		{BF2CD73C-E837-4113-8FC6-EA1B4C65A172}.Debug|Any CPU.ActiveCfg = Debug|Any CPU
		{BF2CD73C-E837-4113-8FC6-EA1B4C65A172}.Debug|Any CPU.Build.0 = Debug|Any CPU
		{BF2CD73C-E837-4113-8FC6-EA1B4C65A172}.Release|Any CPU.ActiveCfg = Release|Any CPU
		{BF2CD73C-E837-4113-8FC6-EA1B4C65A172}.Release|Any CPU.Build.0 = Release|Any CPU
		{D1A496D9-09B8-4E3F-A7B4-21A168EFFB0F}.Debug|Any CPU.ActiveCfg = Debug|Any CPU
		{D1A496D9-09B8-4E3F-A7B4-21A168EFFB0F}.Debug|Any CPU.Build.0 = Debug|Any CPU
		{D1A496D9-09B8-4E3F-A7B4-21A168EFFB0F}.Release|Any CPU.ActiveCfg = Release|Any CPU
		{D1A496D9-09B8-4E3F-A7B4-21A168EFFB0F}.Release|Any CPU.Build.0 = Release|Any CPU
		{8E85B428-BAA2-4742-8472-EBE71E4D8137}.Debug|Any CPU.ActiveCfg = Debug|Any CPU
		{8E85B428-BAA2-4742-8472-EBE71E4D8137}.Debug|Any CPU.Build.0 = Debug|Any CPU
		{8E85B428-BAA2-4742-8472-EBE71E4D8137}.Release|Any CPU.ActiveCfg = Release|Any CPU
		{8E85B428-BAA2-4742-8472-EBE71E4D8137}.Release|Any CPU.Build.0 = Release|Any CPU
		{DC34B030-34DC-41E2-955D-DA46D29601CC}.Debug|Any CPU.ActiveCfg = Debug|Any CPU
		{DC34B030-34DC-41E2-955D-DA46D29601CC}.Debug|Any CPU.Build.0 = Debug|Any CPU
		{DC34B030-34DC-41E2-955D-DA46D29601CC}.Release|Any CPU.ActiveCfg = Release|Any CPU
		{DC34B030-34DC-41E2-955D-DA46D29601CC}.Release|Any CPU.Build.0 = Release|Any CPU
		{996B093F-4B8D-4637-9A7A-AE4296CFDDD6}.Debug|Any CPU.ActiveCfg = Debug|Any CPU
		{996B093F-4B8D-4637-9A7A-AE4296CFDDD6}.Debug|Any CPU.Build.0 = Debug|Any CPU
		{996B093F-4B8D-4637-9A7A-AE4296CFDDD6}.Release|Any CPU.ActiveCfg = Release|Any CPU
		{996B093F-4B8D-4637-9A7A-AE4296CFDDD6}.Release|Any CPU.Build.0 = Release|Any CPU
	EndGlobalSection
	GlobalSection(SolutionProperties) = preSolution
		HideSolutionNode = FALSE
	EndGlobalSection
	GlobalSection(ExtensibilityGlobals) = postSolution
		SolutionGuid = {CBD87831-8B35-4BBD-91B3-7968AA197DF3}
	EndGlobalSection
	GlobalSection(NestedProjects) = preSolution
		{BF2CD73C-E837-4113-8FC6-EA1B4C65A172} = {AA57BE8C-38FE-4817-93D0-26003566FB64}
		{9A4E7DC8-0104-4DF6-8EC8-D37F6BEF9329} = {8916267B-D43C-4065-B9B8-1D72F509191E}
		{DC34B030-34DC-41E2-955D-DA46D29601CC} = {2854A114-E9AA-431B-8C61-F93D580782BB}
		{D1A496D9-09B8-4E3F-A7B4-21A168EFFB0F} = {2854A114-E9AA-431B-8C61-F93D580782BB}
		{8E85B428-BAA2-4742-8472-EBE71E4D8137} = {2854A114-E9AA-431B-8C61-F93D580782BB}
		{996B093F-4B8D-4637-9A7A-AE4296CFDDD6} = {2854A114-E9AA-431B-8C61-F93D580782BB}
	EndGlobalSection
EndGlobal
