
Microsoft Visual Studio Solution File, Format Version 12.00
# Visual Studio Version 17
VisualStudioVersion = 17.0.32014.148
MinimumVisualStudioVersion = 10.0.40219.1
Project("{FAE04EC0-301F-11D3-BF4B-00C04F79EFBC}") = "HXINTL_HFT_2022232.Client", "Client\HXINTL_HFT_2022232.Client.csproj", "{4A83C2BF-8EE3-4EBD-AB4C-D3834AD576CE}"
EndProject
Project("{FAE04EC0-301F-11D3-BF4B-00C04F79EFBC}") = "HXINTL_HFT_2022232.Models", "HXINTL_HFT_2022232.Models\HXINTL_HFT_2022232.Models.csproj", "{2326AE8D-2C61-4C56-968D-255619DCE78A}"
EndProject
Project("{FAE04EC0-301F-11D3-BF4B-00C04F79EFBC}") = "HXINTL_HFT_2022232.Logic", "HXINTL_HFT_2022232.Logic\HXINTL_HFT_2022232.Logic.csproj", "{F4AAC98C-5673-471D-A455-E96A04B5A131}"
EndProject
Project("{FAE04EC0-301F-11D3-BF4B-00C04F79EFBC}") = "HXINTL_HFT_2022232.Repository", "HXINTL_HFT_2022232.Repository\HXINTL_HFT_2022232.Repository.csproj", "{0A914119-E800-461C-8AD6-94DF997E3F87}"
EndProject
Project("{FAE04EC0-301F-11D3-BF4B-00C04F79EFBC}") = "HXINTL_HFT_2022232.Test", "HXINTL_HFT_2022232.Test\HXINTL_HFT_2022232.Test.csproj", "{41692675-7D24-4823-80DB-2D38A1AF1D66}"
EndProject
Project("{FAE04EC0-301F-11D3-BF4B-00C04F79EFBC}") = "HXINTL_HFT_2022232.Endpoint", "HXINTL_HFT_2022232.Endpoint\HXINTL_HFT_2022232.Endpoint.csproj", "{D03D386A-A186-43F5-AFE9-A921E51D5F07}"
EndProject
Global
	GlobalSection(SolutionConfigurationPlatforms) = preSolution
		Debug|Any CPU = Debug|Any CPU
		Release|Any CPU = Release|Any CPU
	EndGlobalSection
	GlobalSection(ProjectConfigurationPlatforms) = postSolution
		{4A83C2BF-8EE3-4EBD-AB4C-D3834AD576CE}.Debug|Any CPU.ActiveCfg = Debug|Any CPU
		{4A83C2BF-8EE3-4EBD-AB4C-D3834AD576CE}.Debug|Any CPU.Build.0 = Debug|Any CPU
		{4A83C2BF-8EE3-4EBD-AB4C-D3834AD576CE}.Release|Any CPU.ActiveCfg = Release|Any CPU
		{4A83C2BF-8EE3-4EBD-AB4C-D3834AD576CE}.Release|Any CPU.Build.0 = Release|Any CPU
		{2326AE8D-2C61-4C56-968D-255619DCE78A}.Debug|Any CPU.ActiveCfg = Debug|Any CPU
		{2326AE8D-2C61-4C56-968D-255619DCE78A}.Debug|Any CPU.Build.0 = Debug|Any CPU
		{2326AE8D-2C61-4C56-968D-255619DCE78A}.Release|Any CPU.ActiveCfg = Release|Any CPU
		{2326AE8D-2C61-4C56-968D-255619DCE78A}.Release|Any CPU.Build.0 = Release|Any CPU
		{F4AAC98C-5673-471D-A455-E96A04B5A131}.Debug|Any CPU.ActiveCfg = Debug|Any CPU
		{F4AAC98C-5673-471D-A455-E96A04B5A131}.Debug|Any CPU.Build.0 = Debug|Any CPU
		{F4AAC98C-5673-471D-A455-E96A04B5A131}.Release|Any CPU.ActiveCfg = Release|Any CPU
		{F4AAC98C-5673-471D-A455-E96A04B5A131}.Release|Any CPU.Build.0 = Release|Any CPU
		{0A914119-E800-461C-8AD6-94DF997E3F87}.Debug|Any CPU.ActiveCfg = Debug|Any CPU
		{0A914119-E800-461C-8AD6-94DF997E3F87}.Debug|Any CPU.Build.0 = Debug|Any CPU
		{0A914119-E800-461C-8AD6-94DF997E3F87}.Release|Any CPU.ActiveCfg = Release|Any CPU
		{0A914119-E800-461C-8AD6-94DF997E3F87}.Release|Any CPU.Build.0 = Release|Any CPU
		{41692675-7D24-4823-80DB-2D38A1AF1D66}.Debug|Any CPU.ActiveCfg = Debug|Any CPU
		{41692675-7D24-4823-80DB-2D38A1AF1D66}.Debug|Any CPU.Build.0 = Debug|Any CPU
		{41692675-7D24-4823-80DB-2D38A1AF1D66}.Release|Any CPU.ActiveCfg = Release|Any CPU
		{41692675-7D24-4823-80DB-2D38A1AF1D66}.Release|Any CPU.Build.0 = Release|Any CPU
		{D03D386A-A186-43F5-AFE9-A921E51D5F07}.Debug|Any CPU.ActiveCfg = Debug|Any CPU
		{D03D386A-A186-43F5-AFE9-A921E51D5F07}.Debug|Any CPU.Build.0 = Debug|Any CPU
		{D03D386A-A186-43F5-AFE9-A921E51D5F07}.Release|Any CPU.ActiveCfg = Release|Any CPU
		{D03D386A-A186-43F5-AFE9-A921E51D5F07}.Release|Any CPU.Build.0 = Release|Any CPU
	EndGlobalSection
	GlobalSection(SolutionProperties) = preSolution
		HideSolutionNode = FALSE
	EndGlobalSection
	GlobalSection(ExtensibilityGlobals) = postSolution
		SolutionGuid = {BC54D0AA-EBBF-4F92-A83C-BA64B18D9BF6}
	EndGlobalSection
EndGlobal
